
Microsoft Visual Studio Solution File, Format Version 12.00
# Visual Studio 15
Project("{FAE04EC0-301F-11D3-BF4B-00C04F79EFBC}") = "SurviveAndConquer", "Assembly-CSharp-firstpass.csproj", "{59AF1FE5-B0AC-F70C-30A8-9304936F9664}"
EndProject
Project("{FAE04EC0-301F-11D3-BF4B-00C04F79EFBC}") = "SurviveAndConquer", "Assembly-CSharp.csproj", "{183D0F60-4289-E08B-D4AD-DB52A6AC874C}"
EndProject
Project("{FAE04EC0-301F-11D3-BF4B-00C04F79EFBC}") = "SurviveAndConquer", "Assembly-CSharp-Editor-firstpass.csproj", "{987324BB-0060-4220-E532-235728F22D98}"
EndProject
Project("{FAE04EC0-301F-11D3-BF4B-00C04F79EFBC}") = "SurviveAndConquer", "Assembly-CSharp-Editor.csproj", "{D02320F6-DDB9-33EE-0CB0-A03D1FF93363}"
EndProject
Global
	GlobalSection(SolutionConfigurationPlatforms) = preSolution
		Debug|Any CPU = Debug|Any CPU
		Release|Any CPU = Release|Any CPU
	EndGlobalSection
	GlobalSection(ProjectConfigurationPlatforms) = postSolution
		{59AF1FE5-B0AC-F70C-30A8-9304936F9664}.Debug|Any CPU.ActiveCfg = Debug|Any CPU
		{59AF1FE5-B0AC-F70C-30A8-9304936F9664}.Debug|Any CPU.Build.0 = Debug|Any CPU
		{59AF1FE5-B0AC-F70C-30A8-9304936F9664}.Release|Any CPU.ActiveCfg = Release|Any CPU
		{59AF1FE5-B0AC-F70C-30A8-9304936F9664}.Release|Any CPU.Build.0 = Release|Any CPU
		{183D0F60-4289-E08B-D4AD-DB52A6AC874C}.Debug|Any CPU.ActiveCfg = Debug|Any CPU
		{183D0F60-4289-E08B-D4AD-DB52A6AC874C}.Debug|Any CPU.Build.0 = Debug|Any CPU
		{183D0F60-4289-E08B-D4AD-DB52A6AC874C}.Release|Any CPU.ActiveCfg = Release|Any CPU
		{183D0F60-4289-E08B-D4AD-DB52A6AC874C}.Release|Any CPU.Build.0 = Release|Any CPU
		{987324BB-0060-4220-E532-235728F22D98}.Debug|Any CPU.ActiveCfg = Debug|Any CPU
		{987324BB-0060-4220-E532-235728F22D98}.Debug|Any CPU.Build.0 = Debug|Any CPU
		{987324BB-0060-4220-E532-235728F22D98}.Release|Any CPU.ActiveCfg = Release|Any CPU
		{987324BB-0060-4220-E532-235728F22D98}.Release|Any CPU.Build.0 = Release|Any CPU
		{D02320F6-DDB9-33EE-0CB0-A03D1FF93363}.Debug|Any CPU.ActiveCfg = Debug|Any CPU
		{D02320F6-DDB9-33EE-0CB0-A03D1FF93363}.Debug|Any CPU.Build.0 = Debug|Any CPU
		{D02320F6-DDB9-33EE-0CB0-A03D1FF93363}.Release|Any CPU.ActiveCfg = Release|Any CPU
		{D02320F6-DDB9-33EE-0CB0-A03D1FF93363}.Release|Any CPU.Build.0 = Release|Any CPU
	EndGlobalSection
	GlobalSection(SolutionProperties) = preSolution
		HideSolutionNode = FALSE
	EndGlobalSection
EndGlobal
